<?xml version="1.0" encoding="utf-8"?>
<Project ToolsVersion="4.0" xmlns="http://schemas.microsoft.com/developer/msbuild/2003">
  <ItemGroup>
    <Filter Include="Source Files">
      <UniqueIdentifier>{4FC737F1-C7A5-4376-A066-2A32D752A2FF}</UniqueIdentifier>
      <Extensions>cpp;c;cxx;def;odl;idl;hpj;bat;asm;asmx</Extensions>
    </Filter>
    <Filter Include="Header Files">
      <UniqueIdentifier>{93995380-89BD-4b04-88EB-625FBE52EBFB}</UniqueIdentifier>
      <Extensions>h;hpp;hxx;hm;inl;inc;xsd</Extensions>
    </Filter>
    <Filter Include="Generated Files">
      <UniqueIdentifier>{71ED8ED8-ACB9-4CE9-BBE1-E00B30144E11}</UniqueIdentifier>
      <Extensions>cpp;c;cxx;moc;h;def;odl;idl;res;</Extensions>
    </Filter>
    <Filter Include="Generated Files\Debug">
      <UniqueIdentifier>{02c5e5b3-1aeb-4d96-80fe-9006a24d24f9}</UniqueIdentifier>
      <Extensions>cpp;moc</Extensions>
      <SourceControlFiles>False</SourceControlFiles>
    </Filter>
    <Filter Include="Generated Files\Release">
      <UniqueIdentifier>{bd857f08-a39c-4aac-9d20-1bdc19259f54}</UniqueIdentifier>
      <Extensions>cpp;moc</Extensions>
      <SourceControlFiles>False</SourceControlFiles>
    </Filter>
    <Filter Include="Generated Files\Debug NoConsole">
      <UniqueIdentifier>{20e0d428-02f3-4c42-8692-779ac4160aa1}</UniqueIdentifier>
      <Extensions>cpp;moc</Extensions>
      <SourceControlFiles>False</SourceControlFiles>
    </Filter>
    <Filter Include="Form Files">
      <UniqueIdentifier>{99349809-55BA-4b9d-BF79-8FDBB0286EB3}</UniqueIdentifier>
      <Extensions>ui</Extensions>
      <ParseFiles>false</ParseFiles>
    </Filter>
    <Filter Include="oscpack">
      <UniqueIdentifier>{64311458-7522-4360-b8b2-f2e67fc4a9b0}</UniqueIdentifier>
    </Filter>
    <Filter Include="oscpack\osc">
      <UniqueIdentifier>{76d3a7b0-f3da-49a6-829c-d52c6dfbaed5}</UniqueIdentifier>
    </Filter>
    <Filter Include="oscpack\ip">
      <UniqueIdentifier>{12a60b5b-5071-48f7-956d-cad05b92210d}</UniqueIdentifier>
    </Filter>
    <Filter Include="oscpack\ip\win32">
      <UniqueIdentifier>{3b6d3809-21bf-4af6-88ff-2367ac93bee6}</UniqueIdentifier>
    </Filter>
  </ItemGroup>
  <ItemGroup>
    <ClCompile Include="emotivconnectionthread.cpp">
      <Filter>Source Files</Filter>
    </ClCompile>
    <ClCompile Include="main.cpp">
      <Filter>Source Files</Filter>
    </ClCompile>
    <ClCompile Include="mainwindow.cpp">
      <Filter>Source Files</Filter>
    </ClCompile>
    <ClCompile Include="OSCSender.cpp">
      <Filter>Source Files</Filter>
    </ClCompile>
    <ClCompile Include="Secret.cpp">
      <Filter>Source Files</Filter>
    </ClCompile>
    <ClCompile Include="Debug\moc_emotivconnectionthread.cpp">
      <Filter>Generated Files\Debug</Filter>
    </ClCompile>
    <ClCompile Include="Debug\moc_mainwindow.cpp">
      <Filter>Generated Files\Debug</Filter>
    </ClCompile>
    <ClCompile Include="Release\moc_emotivconnectionthread.cpp">
      <Filter>Generated Files\Release</Filter>
    </ClCompile>
    <ClCompile Include="Release\moc_mainwindow.cpp">
      <Filter>Generated Files\Release</Filter>
    </ClCompile>
    <ClCompile Include="Debug NoConsole\moc_emotivconnectionthread.cpp">
      <Filter>Generated Files\Debug NoConsole</Filter>
    </ClCompile>
    <ClCompile Include="Debug NoConsole\moc_mainwindow.cpp">
      <Filter>Generated Files\Debug NoConsole</Filter>
    </ClCompile>
    <ClCompile Include="oscpack\osc\OscOutboundPacketStream.cpp">
      <Filter>oscpack\osc</Filter>
    </ClCompile>
    <ClCompile Include="oscpack\osc\OscPrintReceivedElements.cpp">
      <Filter>oscpack\osc</Filter>
    </ClCompile>
    <ClCompile Include="oscpack\osc\OscReceivedElements.cpp">
      <Filter>oscpack\osc</Filter>
    </ClCompile>
    <ClCompile Include="oscpack\osc\OscTypes.cpp">
      <Filter>oscpack\osc</Filter>
    </ClCompile>
    <ClCompile Include="oscpack\ip\IpEndpointName.cpp">
      <Filter>oscpack\ip</Filter>
    </ClCompile>
    <ClCompile Include="oscpack\ip\win32\NetworkingUtils.cpp">
      <Filter>oscpack\ip\win32</Filter>
    </ClCompile>
    <ClCompile Include="oscpack\ip\win32\UdpSocket.cpp">
      <Filter>oscpack\ip\win32</Filter>
    </ClCompile>
  </ItemGroup>
  <ItemGroup>
    <ClInclude Include="OSCSender.h">
      <Filter>Header Files</Filter>
    </ClInclude>
    <ClInclude Include="Secret.h">
      <Filter>Header Files</Filter>
    </ClInclude>
    <ClInclude Include="oscpack\osc\MessageMappingOscPacketListener.h">
      <Filter>oscpack\osc</Filter>
    </ClInclude>
    <ClInclude Include="oscpack\osc\OscException.h">
      <Filter>oscpack\osc</Filter>
    </ClInclude>
    <ClInclude Include="oscpack\osc\OscHostEndianness.h">
      <Filter>oscpack\osc</Filter>
    </ClInclude>
    <ClInclude Include="oscpack\osc\OscOutboundPacketStream.h">
      <Filter>oscpack\osc</Filter>
    </ClInclude>
    <ClInclude Include="oscpack\osc\OscPacketListener.h">
      <Filter>oscpack\osc</Filter>
    </ClInclude>
    <ClInclude Include="oscpack\osc\OscPrintReceivedElements.h">
      <Filter>oscpack\osc</Filter>
    </ClInclude>
    <ClInclude Include="oscpack\osc\OscReceivedElements.h">
      <Filter>oscpack\osc</Filter>
    </ClInclude>
    <ClInclude Include="oscpack\osc\OscTypes.h">
      <Filter>oscpack\osc</Filter>
    </ClInclude>
    <ClInclude Include="oscpack\ip\IpEndpointName.h">
      <Filter>oscpack\ip</Filter>
    </ClInclude>
    <ClInclude Include="oscpack\ip\NetworkingUtils.h">
      <Filter>oscpack\ip</Filter>
    </ClInclude>
    <ClInclude Include="oscpack\ip\PacketListener.h">
      <Filter>oscpack\ip</Filter>
    </ClInclude>
    <ClInclude Include="oscpack\ip\TimerListener.h">
      <Filter>oscpack\ip</Filter>
    </ClInclude>
    <ClInclude Include="oscpack\ip\UdpSocket.h">
      <Filter>oscpack\ip</Filter>
    </ClInclude>
  </ItemGroup>
  <ItemGroup>
    <CustomBuild Include="commonutils.h">
      <Filter>Header Files</Filter>
    </CustomBuild>
    <CustomBuild Include="emotivconnectionthread.h">
      <Filter>Header Files</Filter>
    </CustomBuild>
    <CustomBuild Include="mainwindow.h">
      <Filter>Header Files</Filter>
    </CustomBuild>
    <CustomBuild Include="ui_mainwindow.h">
      <Filter>Generated Files</Filter>
    </CustomBuild>
    <CustomBuild Include="mainwindow.ui">
      <Filter>Form Files</Filter>
    </CustomBuild>
  </ItemGroup>
</Project>